
Microsoft Visual Studio Solution File, Format Version 12.00
# Visual Studio Version 17
VisualStudioVersion = 17.6.33829.357
MinimumVisualStudioVersion = 10.0.40219.1
Project("{2150E333-8FDC-42A3-9474-1A3956D46DE8}") = "Core", "Core", "{3A8E56AE-C295-4356-B5B1-BC9C2A84BF24}"
EndProject
Project("{2150E333-8FDC-42A3-9474-1A3956D46DE8}") = "Infrastructure", "Infrastructure", "{D95C2CB3-A4A4-4C5A-9C89-C7F7A45CA38B}"
EndProject
Project("{9A19103F-16F7-4668-BE54-9A1E7A4F7556}") = "Airport.Contracts", "Airport.Contracts\Airport.Contracts.csproj", "{63249E7D-8A87-42A5-B0EE-44ABF634A3E3}"
EndProject
Project("{9A19103F-16F7-4668-BE54-9A1E7A4F7556}") = "Airport.Domain", "Airport.Domain\Airport.Domain.csproj", "{18203570-380C-4583-B274-09446BE718D8}"
EndProject
Project("{9A19103F-16F7-4668-BE54-9A1E7A4F7556}") = "Airport.Services", "Airport.Services\Airport.Services.csproj", "{CEDE3410-EBEF-4EC2-B407-A026510D2013}"
EndProject
Project("{9A19103F-16F7-4668-BE54-9A1E7A4F7556}") = "Airport.Services.Abstractions", "Airport.Services.Abstractions\Airport.Services.Abstractions.csproj", "{A2717BB6-E644-4640-AEC8-CB69108622C2}"
EndProject
Project("{9A19103F-16F7-4668-BE54-9A1E7A4F7556}") = "Airport.Models", "Airport.Models\Airport.Models.csproj", "{ECF6B39D-CE4B-4067-AC4D-5C7D02AAEA21}"
EndProject
Project("{9A19103F-16F7-4668-BE54-9A1E7A4F7556}") = "Airport.Persistence", "Airport.Persistence\Airport.Persistence.csproj", "{BBA63925-12D1-4F94-8728-79C311F18C08}"
EndProject
Project("{9A19103F-16F7-4668-BE54-9A1E7A4F7556}") = "Airport.Presentation", "Airport.Presentation\Airport.Presentation.csproj", "{4889FA5A-C63F-45F5-8F12-AB0E61D38785}"
EndProject
Project("{9A19103F-16F7-4668-BE54-9A1E7A4F7556}") = "Airport.SignalR", "Airport.SignalR\Airport.SignalR.csproj", "{38C0206D-3352-48AC-91F0-739FA6F44F9D}"
EndProject
Project("{54A90642-561A-4BB1-A94E-469ADEE60C69}") = "Airport.Client", "Airport.Client\Airport.Client.esproj", "{E9A65C1B-ED5B-4DA2-8CE4-52BA645489A9}"
EndProject
Project("{9A19103F-16F7-4668-BE54-9A1E7A4F7556}") = "Airport.Web", "Airport.Web\Airport.Web.csproj", "{E72EA9BF-3A38-4A29-AAAD-4302E2E306D9}"
EndProject
Project("{2150E333-8FDC-42A3-9474-1A3956D46DE8}") = "Tests", "Tests", "{DE643270-7EE2-4D06-8361-12E26198F1B7}"
EndProject
Project("{9A19103F-16F7-4668-BE54-9A1E7A4F7556}") = "Airport.Domain.Tests", "Airport.Domain.Tests\Airport.Domain.Tests.csproj", "{1C877A5B-C29A-4447-A77F-CC1A8EE80514}"
EndProject
Project("{FAE04EC0-301F-11D3-BF4B-00C04F79EFBC}") = "Airport.Presentation.Tests", "Airport.Presentation.Tests\Airport.Presentation.Tests.csproj", "{861B20F6-3A87-41EC-BE48-B6A03F1A6367}"
EndProject
Project("{FAE04EC0-301F-11D3-BF4B-00C04F79EFBC}") = "Airport.Services.Tests", "Airport.Services.Tests\Airport.Services.Tests.csproj", "{7D7F51E8-340D-40AE-93E6-C3A7BFDDC2DB}"
EndProject
Project("{9A19103F-16F7-4668-BE54-9A1E7A4F7556}") = "Airport.Simulator.Tests", "Airport.Simulator.Tests\Airport.Simulator.Tests.csproj", "{657C523E-D795-4BA0-92D5-4291F02481E8}"
EndProject
Project("{9A19103F-16F7-4668-BE54-9A1E7A4F7556}") = "Airport.Simulator", "Airport.Simulator\Airport.Simulator.csproj", "{8BFA154E-6ED1-4581-AC05-0F6A82B65A5E}"
EndProject
Project("{2150E333-8FDC-42A3-9474-1A3956D46DE8}") = "Solution Items", "Solution Items", "{8EC462FD-D22E-90A8-E5CE-7E832BA40C5D}"
EndProject
Global
	GlobalSection(SolutionConfigurationPlatforms) = preSolution
		Debug|Any CPU = Debug|Any CPU
		Release|Any CPU = Release|Any CPU
	EndGlobalSection
	GlobalSection(ProjectConfigurationPlatforms) = postSolution
		{63249E7D-8A87-42A5-B0EE-44ABF634A3E3}.Debug|Any CPU.ActiveCfg = Debug|Any CPU
		{63249E7D-8A87-42A5-B0EE-44ABF634A3E3}.Debug|Any CPU.Build.0 = Debug|Any CPU
		{63249E7D-8A87-42A5-B0EE-44ABF634A3E3}.Release|Any CPU.ActiveCfg = Release|Any CPU
		{63249E7D-8A87-42A5-B0EE-44ABF634A3E3}.Release|Any CPU.Build.0 = Release|Any CPU
		{18203570-380C-4583-B274-09446BE718D8}.Debug|Any CPU.ActiveCfg = Debug|Any CPU
		{18203570-380C-4583-B274-09446BE718D8}.Debug|Any CPU.Build.0 = Debug|Any CPU
		{18203570-380C-4583-B274-09446BE718D8}.Release|Any CPU.ActiveCfg = Release|Any CPU
		{18203570-380C-4583-B274-09446BE718D8}.Release|Any CPU.Build.0 = Release|Any CPU
		{CEDE3410-EBEF-4EC2-B407-A026510D2013}.Debug|Any CPU.ActiveCfg = Debug|Any CPU
		{CEDE3410-EBEF-4EC2-B407-A026510D2013}.Debug|Any CPU.Build.0 = Debug|Any CPU
		{CEDE3410-EBEF-4EC2-B407-A026510D2013}.Release|Any CPU.ActiveCfg = Release|Any CPU
		{CEDE3410-EBEF-4EC2-B407-A026510D2013}.Release|Any CPU.Build.0 = Release|Any CPU
		{A2717BB6-E644-4640-AEC8-CB69108622C2}.Debug|Any CPU.ActiveCfg = Debug|Any CPU
		{A2717BB6-E644-4640-AEC8-CB69108622C2}.Debug|Any CPU.Build.0 = Debug|Any CPU
		{A2717BB6-E644-4640-AEC8-CB69108622C2}.Release|Any CPU.ActiveCfg = Release|Any CPU
		{A2717BB6-E644-4640-AEC8-CB69108622C2}.Release|Any CPU.Build.0 = Release|Any CPU
		{ECF6B39D-CE4B-4067-AC4D-5C7D02AAEA21}.Debug|Any CPU.ActiveCfg = Debug|Any CPU
		{ECF6B39D-CE4B-4067-AC4D-5C7D02AAEA21}.Debug|Any CPU.Build.0 = Debug|Any CPU
		{ECF6B39D-CE4B-4067-AC4D-5C7D02AAEA21}.Release|Any CPU.ActiveCfg = Release|Any CPU
		{ECF6B39D-CE4B-4067-AC4D-5C7D02AAEA21}.Release|Any CPU.Build.0 = Release|Any CPU
		{BBA63925-12D1-4F94-8728-79C311F18C08}.Debug|Any CPU.ActiveCfg = Debug|Any CPU
		{BBA63925-12D1-4F94-8728-79C311F18C08}.Debug|Any CPU.Build.0 = Debug|Any CPU
		{BBA63925-12D1-4F94-8728-79C311F18C08}.Release|Any CPU.ActiveCfg = Release|Any CPU
		{BBA63925-12D1-4F94-8728-79C311F18C08}.Release|Any CPU.Build.0 = Release|Any CPU
		{4889FA5A-C63F-45F5-8F12-AB0E61D38785}.Debug|Any CPU.ActiveCfg = Debug|Any CPU
		{4889FA5A-C63F-45F5-8F12-AB0E61D38785}.Debug|Any CPU.Build.0 = Debug|Any CPU
		{4889FA5A-C63F-45F5-8F12-AB0E61D38785}.Release|Any CPU.ActiveCfg = Release|Any CPU
		{4889FA5A-C63F-45F5-8F12-AB0E61D38785}.Release|Any CPU.Build.0 = Release|Any CPU
		{38C0206D-3352-48AC-91F0-739FA6F44F9D}.Debug|Any CPU.ActiveCfg = Debug|Any CPU
		{38C0206D-3352-48AC-91F0-739FA6F44F9D}.Debug|Any CPU.Build.0 = Debug|Any CPU
		{38C0206D-3352-48AC-91F0-739FA6F44F9D}.Release|Any CPU.ActiveCfg = Release|Any CPU
		{38C0206D-3352-48AC-91F0-739FA6F44F9D}.Release|Any CPU.Build.0 = Release|Any CPU
		{E9A65C1B-ED5B-4DA2-8CE4-52BA645489A9}.Debug|Any CPU.ActiveCfg = Debug|Any CPU
		{E9A65C1B-ED5B-4DA2-8CE4-52BA645489A9}.Debug|Any CPU.Build.0 = Debug|Any CPU
		{E9A65C1B-ED5B-4DA2-8CE4-52BA645489A9}.Debug|Any CPU.Deploy.0 = Debug|Any CPU
		{E9A65C1B-ED5B-4DA2-8CE4-52BA645489A9}.Release|Any CPU.ActiveCfg = Release|Any CPU
		{E9A65C1B-ED5B-4DA2-8CE4-52BA645489A9}.Release|Any CPU.Build.0 = Release|Any CPU
		{E9A65C1B-ED5B-4DA2-8CE4-52BA645489A9}.Release|Any CPU.Deploy.0 = Release|Any CPU
		{E72EA9BF-3A38-4A29-AAAD-4302E2E306D9}.Debug|Any CPU.ActiveCfg = Debug|Any CPU
		{E72EA9BF-3A38-4A29-AAAD-4302E2E306D9}.Debug|Any CPU.Build.0 = Debug|Any CPU
		{E72EA9BF-3A38-4A29-AAAD-4302E2E306D9}.Release|Any CPU.ActiveCfg = Release|Any CPU
		{E72EA9BF-3A38-4A29-AAAD-4302E2E306D9}.Release|Any CPU.Build.0 = Release|Any CPU
		{1C877A5B-C29A-4447-A77F-CC1A8EE80514}.Debug|Any CPU.ActiveCfg = Debug|Any CPU
		{1C877A5B-C29A-4447-A77F-CC1A8EE80514}.Debug|Any CPU.Build.0 = Debug|Any CPU
		{1C877A5B-C29A-4447-A77F-CC1A8EE80514}.Release|Any CPU.ActiveCfg = Release|Any CPU
		{1C877A5B-C29A-4447-A77F-CC1A8EE80514}.Release|Any CPU.Build.0 = Release|Any CPU
		{861B20F6-3A87-41EC-BE48-B6A03F1A6367}.Debug|Any CPU.ActiveCfg = Debug|Any CPU
		{861B20F6-3A87-41EC-BE48-B6A03F1A6367}.Debug|Any CPU.Build.0 = Debug|Any CPU
		{861B20F6-3A87-41EC-BE48-B6A03F1A6367}.Release|Any CPU.ActiveCfg = Release|Any CPU
		{861B20F6-3A87-41EC-BE48-B6A03F1A6367}.Release|Any CPU.Build.0 = Release|Any CPU
		{7D7F51E8-340D-40AE-93E6-C3A7BFDDC2DB}.Debug|Any CPU.ActiveCfg = Debug|Any CPU
		{7D7F51E8-340D-40AE-93E6-C3A7BFDDC2DB}.Debug|Any CPU.Build.0 = Debug|Any CPU
		{7D7F51E8-340D-40AE-93E6-C3A7BFDDC2DB}.Release|Any CPU.ActiveCfg = Release|Any CPU
		{7D7F51E8-340D-40AE-93E6-C3A7BFDDC2DB}.Release|Any CPU.Build.0 = Release|Any CPU
		{657C523E-D795-4BA0-92D5-4291F02481E8}.Debug|Any CPU.ActiveCfg = Debug|Any CPU
		{657C523E-D795-4BA0-92D5-4291F02481E8}.Debug|Any CPU.Build.0 = Debug|Any CPU
		{657C523E-D795-4BA0-92D5-4291F02481E8}.Release|Any CPU.ActiveCfg = Release|Any CPU
		{657C523E-D795-4BA0-92D5-4291F02481E8}.Release|Any CPU.Build.0 = Release|Any CPU
		{8BFA154E-6ED1-4581-AC05-0F6A82B65A5E}.Debug|Any CPU.ActiveCfg = Debug|Any CPU
		{8BFA154E-6ED1-4581-AC05-0F6A82B65A5E}.Debug|Any CPU.Build.0 = Debug|Any CPU
		{8BFA154E-6ED1-4581-AC05-0F6A82B65A5E}.Release|Any CPU.ActiveCfg = Release|Any CPU
		{8BFA154E-6ED1-4581-AC05-0F6A82B65A5E}.Release|Any CPU.Build.0 = Release|Any CPU
	EndGlobalSection
	GlobalSection(SolutionProperties) = preSolution
		HideSolutionNode = FALSE
	EndGlobalSection
	GlobalSection(NestedProjects) = preSolution
		{63249E7D-8A87-42A5-B0EE-44ABF634A3E3} = {3A8E56AE-C295-4356-B5B1-BC9C2A84BF24}
		{18203570-380C-4583-B274-09446BE718D8} = {3A8E56AE-C295-4356-B5B1-BC9C2A84BF24}
		{CEDE3410-EBEF-4EC2-B407-A026510D2013} = {3A8E56AE-C295-4356-B5B1-BC9C2A84BF24}
		{A2717BB6-E644-4640-AEC8-CB69108622C2} = {3A8E56AE-C295-4356-B5B1-BC9C2A84BF24}
		{ECF6B39D-CE4B-4067-AC4D-5C7D02AAEA21} = {3A8E56AE-C295-4356-B5B1-BC9C2A84BF24}
		{BBA63925-12D1-4F94-8728-79C311F18C08} = {D95C2CB3-A4A4-4C5A-9C89-C7F7A45CA38B}
		{4889FA5A-C63F-45F5-8F12-AB0E61D38785} = {D95C2CB3-A4A4-4C5A-9C89-C7F7A45CA38B}
		{38C0206D-3352-48AC-91F0-739FA6F44F9D} = {D95C2CB3-A4A4-4C5A-9C89-C7F7A45CA38B}
		{1C877A5B-C29A-4447-A77F-CC1A8EE80514} = {DE643270-7EE2-4D06-8361-12E26198F1B7}
		{861B20F6-3A87-41EC-BE48-B6A03F1A6367} = {DE643270-7EE2-4D06-8361-12E26198F1B7}
		{7D7F51E8-340D-40AE-93E6-C3A7BFDDC2DB} = {DE643270-7EE2-4D06-8361-12E26198F1B7}
		{657C523E-D795-4BA0-92D5-4291F02481E8} = {DE643270-7EE2-4D06-8361-12E26198F1B7}
	EndGlobalSection
	GlobalSection(ExtensibilityGlobals) = postSolution
		SolutionGuid = {2BC1946C-63D0-44A9-AC1B-A4F90B2DCB06}
	EndGlobalSection
EndGlobal
